{
  "name": "@ng-config/forms",
  "version": "0.0.1",
  "lockfileVersion": 1,
  "requires": true,
  "dependencies": {
    "@angular/forms": {
      "version": "8.0.0",
      "resolved": "https://registry.npmjs.org/@angular/forms/-/forms-8.0.0.tgz",
      "integrity": "sha512-T6XdG3mALWzvnrN3fA1hAmfwvraiF1SPMWNXgPk2riuMf8CFdoro+tQZ4eo1islHrTTw5QzmqN8JJALfhAG6bg==",
      "requires": {
        "tslib": "^1.9.0"
      }
    },
    "@ngx-formly/core": {
      "version": "5.1.7",
      "resolved": "https://registry.npmjs.org/@ngx-formly/core/-/core-5.1.7.tgz",
      "integrity": "sha512-9jIbERdZRIJmTqqmfwFr5tMwwgqXFATHAllXh0hP9r37PSjNhYC7s8JyD9M5pvpAKTz/jnGMyFItJbCMCpd0dQ==",
      "requires": {
        "tslib": "^1.7.1"
      }
    },
    "tslib": {
      "version": "1.9.3",
      "resolved": "https://registry.npmjs.org/tslib/-/tslib-1.9.3.tgz",
      "integrity": "sha512-4krF8scpejhaOgqzBEcGM7yDIEfi0/8+8zDRZhNZZ2kjmHJ4hv3zCbQWxoJGz1iw5U0Jl0nma13xzHXcncMavQ=="
    }
  }
}
